
Microsoft Visual Studio Solution File, Format Version 12.00
# Visual Studio Version 17
VisualStudioVersion = 17.5.002.0
MinimumVisualStudioVersion = 10.0.40219.1
Project("{9A19103F-16F7-4668-BE54-9A1E7A4F7556}") = "WebAPI", "WebAPI.csproj", "{EDB96CC0-57CE-4726-A91D-26C319B4CD9C}"
EndProject
Global
	GlobalSection(SolutionConfigurationPlatforms) = preSolution
		Debug|Any CPU = Debug|Any CPU
		Release|Any CPU = Release|Any CPU
	EndGlobalSection
	GlobalSection(ProjectConfigurationPlatforms) = postSolution
		{EDB96CC0-57CE-4726-A91D-26C319B4CD9C}.Debug|Any CPU.ActiveCfg = Debug|Any CPU
		{EDB96CC0-57CE-4726-A91D-26C319B4CD9C}.Debug|Any CPU.Build.0 = Debug|Any CPU
		{EDB96CC0-57CE-4726-A91D-26C319B4CD9C}.Release|Any CPU.ActiveCfg = Release|Any CPU
		{EDB96CC0-57CE-4726-A91D-26C319B4CD9C}.Release|Any CPU.Build.0 = Release|Any CPU
	EndGlobalSection
	GlobalSection(SolutionProperties) = preSolution
		HideSolutionNode = FALSE
	EndGlobalSection
	GlobalSection(ExtensibilityGlobals) = postSolution
		SolutionGuid = {07E6F495-DCB7-46D2-809D-AF59F9D51430}
	EndGlobalSection
EndGlobal
